{
  "name": "sdk-manual-test",
  "version": "1.0.0",
  "lockfileVersion": 3,
  "requires": true,
  "packages": {
    "": {
      "name": "sdk-manual-test",
      "version": "1.0.0",
      "license": "ISC",
      "dependencies": {
        "lunarcrush-universal-sdk": "^1.0.0"
      }
    },
    "node_modules/lunarcrush-universal-sdk": {
      "version": "1.0.0",
      "resolved": "https://registry.npmjs.org/lunarcrush-universal-sdk/-/lunarcrush-universal-sdk-1.0.0.tgz",
      "integrity": "sha512-A+QJQYNqnXpfIXCG+5Z1dp88NY+ds+JdqNQO8B3EH1dwgXjZWGD2naotPxZevjNdfuPNd8okvqfyKkKn5BcWlQ==",
      "license": "MIT",
      "engines": {
        "node": ">=16.0.0"
      }
    }
  }
}
